
Microsoft Visual Studio Solution File, Format Version 12.00
# Visual Studio Version 16
VisualStudioVersion = 16.0.30804.86
MinimumVisualStudioVersion = 10.0.40219.1
Project("{9A19103F-16F7-4668-BE54-9A1E7A4F7556}") = "ViewingSystem", "ViewingSystem\ViewingSystem.csproj", "{4C306A16-6EBF-4B60-B0DD-619A9FF92347}"
EndProject
Global
	GlobalSection(SolutionConfigurationPlatforms) = preSolution
		Debug|Any CPU = Debug|Any CPU
		Release|Any CPU = Release|Any CPU
	EndGlobalSection
	GlobalSection(ProjectConfigurationPlatforms) = postSolution
		{4C306A16-6EBF-4B60-B0DD-619A9FF92347}.Debug|Any CPU.ActiveCfg = Debug|Any CPU
		{4C306A16-6EBF-4B60-B0DD-619A9FF92347}.Debug|Any CPU.Build.0 = Debug|Any CPU
		{4C306A16-6EBF-4B60-B0DD-619A9FF92347}.Release|Any CPU.ActiveCfg = Release|Any CPU
		{4C306A16-6EBF-4B60-B0DD-619A9FF92347}.Release|Any CPU.Build.0 = Release|Any CPU
	EndGlobalSection
	GlobalSection(SolutionProperties) = preSolution
		HideSolutionNode = FALSE
	EndGlobalSection
	GlobalSection(ExtensibilityGlobals) = postSolution
		SolutionGuid = {54EB97B2-9015-4625-BFDA-12F96B39E06A}
	EndGlobalSection
EndGlobal
